
Microsoft Visual Studio Solution File, Format Version 12.00
# Visual Studio Version 17
VisualStudioVersion = 17.7.34024.191
MinimumVisualStudioVersion = 10.0.40219.1
Project("{FAE04EC0-301F-11D3-BF4B-00C04F79EFBC}") = "MicroservicioComentarios", "MicroservicioComentarios\MicroservicioComentarios.csproj", "{2782D5A3-EEB2-4028-907C-5FC826155772}"
EndProject
Project("{FAE04EC0-301F-11D3-BF4B-00C04F79EFBC}") = "Domain", "Domain\Domain.csproj", "{762ACBD9-5DA9-4A37-9668-71CADE5096FD}"
EndProject
Project("{FAE04EC0-301F-11D3-BF4B-00C04F79EFBC}") = "Infrastructure", "Infrastructure\Infrastructure.csproj", "{2E2DEF20-85CB-47AF-9C30-AF8BA8EF21B6}"
EndProject
Project("{FAE04EC0-301F-11D3-BF4B-00C04F79EFBC}") = "Application", "Application\Application.csproj", "{1995680D-B245-4683-9922-E943D4A4FE3F}"
EndProject
Global
	GlobalSection(SolutionConfigurationPlatforms) = preSolution
		Debug|Any CPU = Debug|Any CPU
		Release|Any CPU = Release|Any CPU
	EndGlobalSection
	GlobalSection(ProjectConfigurationPlatforms) = postSolution
		{2782D5A3-EEB2-4028-907C-5FC826155772}.Debug|Any CPU.ActiveCfg = Debug|Any CPU
		{2782D5A3-EEB2-4028-907C-5FC826155772}.Debug|Any CPU.Build.0 = Debug|Any CPU
		{2782D5A3-EEB2-4028-907C-5FC826155772}.Release|Any CPU.ActiveCfg = Release|Any CPU
		{2782D5A3-EEB2-4028-907C-5FC826155772}.Release|Any CPU.Build.0 = Release|Any CPU
		{762ACBD9-5DA9-4A37-9668-71CADE5096FD}.Debug|Any CPU.ActiveCfg = Debug|Any CPU
		{762ACBD9-5DA9-4A37-9668-71CADE5096FD}.Debug|Any CPU.Build.0 = Debug|Any CPU
		{762ACBD9-5DA9-4A37-9668-71CADE5096FD}.Release|Any CPU.ActiveCfg = Release|Any CPU
		{762ACBD9-5DA9-4A37-9668-71CADE5096FD}.Release|Any CPU.Build.0 = Release|Any CPU
		{2E2DEF20-85CB-47AF-9C30-AF8BA8EF21B6}.Debug|Any CPU.ActiveCfg = Debug|Any CPU
		{2E2DEF20-85CB-47AF-9C30-AF8BA8EF21B6}.Debug|Any CPU.Build.0 = Debug|Any CPU
		{2E2DEF20-85CB-47AF-9C30-AF8BA8EF21B6}.Release|Any CPU.ActiveCfg = Release|Any CPU
		{2E2DEF20-85CB-47AF-9C30-AF8BA8EF21B6}.Release|Any CPU.Build.0 = Release|Any CPU
		{1995680D-B245-4683-9922-E943D4A4FE3F}.Debug|Any CPU.ActiveCfg = Debug|Any CPU
		{1995680D-B245-4683-9922-E943D4A4FE3F}.Debug|Any CPU.Build.0 = Debug|Any CPU
		{1995680D-B245-4683-9922-E943D4A4FE3F}.Release|Any CPU.ActiveCfg = Release|Any CPU
		{1995680D-B245-4683-9922-E943D4A4FE3F}.Release|Any CPU.Build.0 = Release|Any CPU
	EndGlobalSection
	GlobalSection(SolutionProperties) = preSolution
		HideSolutionNode = FALSE
	EndGlobalSection
	GlobalSection(ExtensibilityGlobals) = postSolution
		SolutionGuid = {4620D7FA-271E-4BD9-B2ED-C430DC126303}
	EndGlobalSection
EndGlobal
